// !$*UTF8*$!
{
	archiveVersion = 1;
	classes = {
	};
	objectVersion = 46;
	objects = {

/* Begin PBXBuildFile section */
		4A0648F71D350286000D02B4 /* main.m in Sources */ = {isa = PBXBuildFile; fileRef = 4A0648F61D350286000D02B4 /* main.m */; };
		4A0648FA1D350287000D02B4 /* AppDelegate.m in Sources */ = {isa = PBXBuildFile; fileRef = 4A0648F91D350287000D02B4 /* AppDelegate.m */; };
		4A0649001D350287000D02B4 /* Main.storyboard in Resources */ = {isa = PBXBuildFile; fileRef = 4A0648FE1D350287000D02B4 /* Main.storyboard */; };
		4A0649021D350287000D02B4 /* Assets.xcassets in Resources */ = {isa = PBXBuildFile; fileRef = 4A0649011D350287000D02B4 /* Assets.xcassets */; };
		4A0649051D350287000D02B4 /* LaunchScreen.storyboard in Resources */ = {isa = PBXBuildFile; fileRef = 4A0649031D350287000D02B4 /* LaunchScreen.storyboard */; };
		4A0649101D350287000D02B4 /* Bili_TestHtmlJqueryTests.m in Sources */ = {isa = PBXBuildFile; fileRef = 4A06490F1D350287000D02B4 /* Bili_TestHtmlJqueryTests.m */; };
		4A06491B1D350287000D02B4 /* Bili_TestHtmlJqueryUITests.m in Sources */ = {isa = PBXBuildFile; fileRef = 4A06491A1D350287000D02B4 /* Bili_TestHtmlJqueryUITests.m */; };
		4A0649351D3619FF000D02B4 /* JPEngine.m in Sources */ = {isa = PBXBuildFile; fileRef = 4A0649331D3619FF000D02B4 /* JPEngine.m */; };
		4A0649361D3619FF000D02B4 /* JSPatch.js in Resources */ = {isa = PBXBuildFile; fileRef = 4A0649341D3619FF000D02B4 /* JSPatch.js */; };
		4A0649381D361A43000D02B4 /* demo.js in Resources */ = {isa = PBXBuildFile; fileRef = 4A0649371D361A43000D02B4 /* demo.js */; };
		4A06495B1D372CAB000D02B4 /* MKAnnotationView+WebCache.m in Sources */ = {isa = PBXBuildFile; fileRef = 4A06493B1D372CAB000D02B4 /* MKAnnotationView+WebCache.m */; };
		4A06495C1D372CAB000D02B4 /* NSData+ImageContentType.m in Sources */ = {isa = PBXBuildFile; fileRef = 4A06493D1D372CAB000D02B4 /* NSData+ImageContentType.m */; };
		4A06495D1D372CAB000D02B4 /* SDImageCache.m in Sources */ = {isa = PBXBuildFile; fileRef = 4A06493F1D372CAB000D02B4 /* SDImageCache.m */; };
		4A06495E1D372CAB000D02B4 /* SDWebImageCompat.m in Sources */ = {isa = PBXBuildFile; fileRef = 4A0649411D372CAB000D02B4 /* SDWebImageCompat.m */; };
		4A06495F1D372CAB000D02B4 /* SDWebImageDecoder.m in Sources */ = {isa = PBXBuildFile; fileRef = 4A0649431D372CAB000D02B4 /* SDWebImageDecoder.m */; };
		4A0649601D372CAB000D02B4 /* SDWebImageDownloader.m in Sources */ = {isa = PBXBuildFile; fileRef = 4A0649451D372CAB000D02B4 /* SDWebImageDownloader.m */; };
		4A0649611D372CAB000D02B4 /* SDWebImageDownloaderOperation.m in Sources */ = {isa = PBXBuildFile; fileRef = 4A0649471D372CAB000D02B4 /* SDWebImageDownloaderOperation.m */; };
		4A0649621D372CAB000D02B4 /* SDWebImageManager.m in Sources */ = {isa = PBXBuildFile; fileRef = 4A0649491D372CAB000D02B4 /* SDWebImageManager.m */; };
		4A0649631D372CAB000D02B4 /* SDWebImagePrefetcher.m in Sources */ = {isa = PBXBuildFile; fileRef = 4A06494C1D372CAB000D02B4 /* SDWebImagePrefetcher.m */; };
		4A0649641D372CAB000D02B4 /* UIButton+WebCache.m in Sources */ = {isa = PBXBuildFile; fileRef = 4A06494E1D372CAB000D02B4 /* UIButton+WebCache.m */; };
		4A0649651D372CAB000D02B4 /* UIImage+GIF.m in Sources */ = {isa = PBXBuildFile; fileRef = 4A0649501D372CAB000D02B4 /* UIImage+GIF.m */; };
		4A0649661D372CAB000D02B4 /* UIImage+MultiFormat.m in Sources */ = {isa = PBXBuildFile; fileRef = 4A0649521D372CAB000D02B4 /* UIImage+MultiFormat.m */; };
		4A0649671D372CAB000D02B4 /* UIImage+WebP.m in Sources */ = {isa = PBXBuildFile; fileRef = 4A0649541D372CAB000D02B4 /* UIImage+WebP.m */; };
		4A0649681D372CAB000D02B4 /* UIImageView+HighlightedWebCache.m in Sources */ = {isa = PBXBuildFile; fileRef = 4A0649561D372CAB000D02B4 /* UIImageView+HighlightedWebCache.m */; };
		4A0649691D372CAB000D02B4 /* UIImageView+WebCache.m in Sources */ = {isa = PBXBuildFile; fileRef = 4A0649581D372CAB000D02B4 /* UIImageView+WebCache.m */; };
		4A06496A1D372CAB000D02B4 /* UIView+WebCacheOperation.m in Sources */ = {isa = PBXBuildFile; fileRef = 4A06495A1D372CAB000D02B4 /* UIView+WebCacheOperation.m */; };
		4A0649C51D38C6B6000D02B4 /* SWBaseViewController.m in Sources */ = {isa = PBXBuildFile; fileRef = 4A0649C41D38C6B6000D02B4 /* SWBaseViewController.m */; };
		4A0649C71D38DEFB000D02B4 /* demo.js in Resources */ = {isa = PBXBuildFile; fileRef = 4A0649C61D38DEFB000D02B4 /* demo.js */; };
/* End PBXBuildFile section */

/* Begin PBXContainerItemProxy section */
		4A06490C1D350287000D02B4 /* PBXContainerItemProxy */ = {
			isa = PBXContainerItemProxy;
			containerPortal = 4A0648EA1D350286000D02B4 /* Project object */;
			proxyType = 1;
			remoteGlobalIDString = 4A0648F11D350286000D02B4;
			remoteInfo = Bili_TestHtmlJquery;
		};
		4A0649171D350287000D02B4 /* PBXContainerItemProxy */ = {
			isa = PBXContainerItemProxy;
			containerPortal = 4A0648EA1D350286000D02B4 /* Project object */;
			proxyType = 1;
			remoteGlobalIDString = 4A0648F11D350286000D02B4;
			remoteInfo = Bili_TestHtmlJquery;
		};
/* End PBXContainerItemProxy section */

/* Begin PBXFileReference section */
		4A0648F21D350286000D02B4 /* Bili_TestHtmlJquery.app */ = {isa = PBXFileReference; explicitFileType = wrapper.application; includeInIndex = 0; path = Bili_TestHtmlJquery.app; sourceTree = BUILT_PRODUCTS_DIR; };
		4A0648F61D350286000D02B4 /* main.m */ = {isa = PBXFileReference; lastKnownFileType = sourcecode.c.objc; path = main.m; sourceTree = "<group>"; };
		4A0648F81D350287000D02B4 /* AppDelegate.h */ = {isa = PBXFileReference; lastKnownFileType = sourcecode.c.h; path = AppDelegate.h; sourceTree = "<group>"; };
		4A0648F91D350287000D02B4 /* AppDelegate.m */ = {isa = PBXFileReference; lastKnownFileType = sourcecode.c.objc; path = AppDelegate.m; sourceTree = "<group>"; };
		4A0648FF1D350287000D02B4 /* Base */ = {isa = PBXFileReference; lastKnownFileType = file.storyboard; name = Base; path = Base.lproj/Main.storyboard; sourceTree = "<group>"; };
		4A0649011D350287000D02B4 /* Assets.xcassets */ = {isa = PBXFileReference; lastKnownFileType = folder.assetcatalog; path = Assets.xcassets; sourceTree = "<group>"; };
		4A0649041D350287000D02B4 /* Base */ = {isa = PBXFileReference; lastKnownFileType = file.storyboard; name = Base; path = Base.lproj/LaunchScreen.storyboard; sourceTree = "<group>"; };
		4A0649061D350287000D02B4 /* Info.plist */ = {isa = PBXFileReference; lastKnownFileType = text.plist.xml; path = Info.plist; sourceTree = "<group>"; };
		4A06490B1D350287000D02B4 /* Bili_TestHtmlJqueryTests.xctest */ = {isa = PBXFileReference; explicitFileType = wrapper.cfbundle; includeInIndex = 0; path = Bili_TestHtmlJqueryTests.xctest; sourceTree = BUILT_PRODUCTS_DIR; };
		4A06490F1D350287000D02B4 /* Bili_TestHtmlJqueryTests.m */ = {isa = PBXFileReference; lastKnownFileType = sourcecode.c.objc; path = Bili_TestHtmlJqueryTests.m; sourceTree = "<group>"; };
		4A0649111D350287000D02B4 /* Info.plist */ = {isa = PBXFileReference; lastKnownFileType = text.plist.xml; path = Info.plist; sourceTree = "<group>"; };
		4A0649161D350287000D02B4 /* Bili_TestHtmlJqueryUITests.xctest */ = {isa = PBXFileReference; explicitFileType = wrapper.cfbundle; includeInIndex = 0; path = Bili_TestHtmlJqueryUITests.xctest; sourceTree = BUILT_PRODUCTS_DIR; };
		4A06491A1D350287000D02B4 /* Bili_TestHtmlJqueryUITests.m */ = {isa = PBXFileReference; lastKnownFileType = sourcecode.c.objc; path = Bili_TestHtmlJqueryUITests.m; sourceTree = "<group>"; };
		4A06491C1D350287000D02B4 /* Info.plist */ = {isa = PBXFileReference; lastKnownFileType = text.plist.xml; path = Info.plist; sourceTree = "<group>"; };
		4A0649321D3619FF000D02B4 /* JPEngine.h */ = {isa = PBXFileReference; fileEncoding = 4; lastKnownFileType = sourcecode.c.h; path = JPEngine.h; sourceTree = "<group>"; };
		4A0649331D3619FF000D02B4 /* JPEngine.m */ = {isa = PBXFileReference; fileEncoding = 4; lastKnownFileType = sourcecode.c.objc; path = JPEngine.m; sourceTree = "<group>"; };
		4A0649341D3619FF000D02B4 /* JSPatch.js */ = {isa = PBXFileReference; fileEncoding = 4; lastKnownFileType = sourcecode.javascript; path = JSPatch.js; sourceTree = "<group>"; };
		4A0649371D361A43000D02B4 /* demo.js */ = {isa = PBXFileReference; fileEncoding = 4; lastKnownFileType = sourcecode.javascript; name = demo.js; path = ../../../../../demo.js; sourceTree = "<group>"; };
		4A06493A1D372CAB000D02B4 /* MKAnnotationView+WebCache.h */ = {isa = PBXFileReference; fileEncoding = 4; lastKnownFileType = sourcecode.c.h; path = "MKAnnotationView+WebCache.h"; sourceTree = "<group>"; };
		4A06493B1D372CAB000D02B4 /* MKAnnotationView+WebCache.m */ = {isa = PBXFileReference; fileEncoding = 4; lastKnownFileType = sourcecode.c.objc; path = "MKAnnotationView+WebCache.m"; sourceTree = "<group>"; };
		4A06493C1D372CAB000D02B4 /* NSData+ImageContentType.h */ = {isa = PBXFileReference; fileEncoding = 4; lastKnownFileType = sourcecode.c.h; path = "NSData+ImageContentType.h"; sourceTree = "<group>"; };
		4A06493D1D372CAB000D02B4 /* NSData+ImageContentType.m */ = {isa = PBXFileReference; fileEncoding = 4; lastKnownFileType = sourcecode.c.objc; path = "NSData+ImageContentType.m"; sourceTree = "<group>"; };
		4A06493E1D372CAB000D02B4 /* SDImageCache.h */ = {isa = PBXFileReference; fileEncoding = 4; lastKnownFileType = sourcecode.c.h; path = SDImageCache.h; sourceTree = "<group>"; };
		4A06493F1D372CAB000D02B4 /* SDImageCache.m */ = {isa = PBXFileReference; fileEncoding = 4; lastKnownFileType = sourcecode.c.objc; path = SDImageCache.m; sourceTree = "<group>"; };
		4A0649401D372CAB000D02B4 /* SDWebImageCompat.h */ = {isa = PBXFileReference; fileEncoding = 4; lastKnownFileType = sourcecode.c.h; path = SDWebImageCompat.h; sourceTree = "<group>"; };
		4A0649411D372CAB000D02B4 /* SDWebImageCompat.m */ = {isa = PBXFileReference; fileEncoding = 4; lastKnownFileType = sourcecode.c.objc; path = SDWebImageCompat.m; sourceTree = "<group>"; };
		4A0649421D372CAB000D02B4 /* SDWebImageDecoder.h */ = {isa = PBXFileReference; fileEncoding = 4; lastKnownFileType = sourcecode.c.h; path = SDWebImageDecoder.h; sourceTree = "<group>"; };
		4A0649431D372CAB000D02B4 /* SDWebImageDecoder.m */ = {isa = PBXFileReference; fileEncoding = 4; lastKnownFileType = sourcecode.c.objc; path = SDWebImageDecoder.m; sourceTree = "<group>"; };
		4A0649441D372CAB000D02B4 /* SDWebImageDownloader.h */ = {isa = PBXFileReference; fileEncoding = 4; lastKnownFileType = sourcecode.c.h; path = SDWebImageDownloader.h; sourceTree = "<group>"; };
		4A0649451D372CAB000D02B4 /* SDWebImageDownloader.m */ = {isa = PBXFileReference; fileEncoding = 4; lastKnownFileType = sourcecode.c.objc; path = SDWebImageDownloader.m; sourceTree = "<group>"; };
		4A0649461D372CAB000D02B4 /* SDWebImageDownloaderOperation.h */ = {isa = PBXFileReference; fileEncoding = 4; lastKnownFileType = sourcecode.c.h; path = SDWebImageDownloaderOperation.h; sourceTree = "<group>"; };
		4A0649471D372CAB000D02B4 /* SDWebImageDownloaderOperation.m */ = {isa = PBXFileReference; fileEncoding = 4; lastKnownFileType = sourcecode.c.objc; path = SDWebImageDownloaderOperation.m; sourceTree = "<group>"; };
		4A0649481D372CAB000D02B4 /* SDWebImageManager.h */ = {isa = PBXFileReference; fileEncoding = 4; lastKnownFileType = sourcecode.c.h; path = SDWebImageManager.h; sourceTree = "<group>"; };
		4A0649491D372CAB000D02B4 /* SDWebImageManager.m */ = {isa = PBXFileReference; fileEncoding = 4; lastKnownFileType = sourcecode.c.objc; path = SDWebImageManager.m; sourceTree = "<group>"; };
		4A06494A1D372CAB000D02B4 /* SDWebImageOperation.h */ = {isa = PBXFileReference; fileEncoding = 4; lastKnownFileType = sourcecode.c.h; path = SDWebImageOperation.h; sourceTree = "<group>"; };
		4A06494B1D372CAB000D02B4 /* SDWebImagePrefetcher.h */ = {isa = PBXFileReference; fileEncoding = 4; lastKnownFileType = sourcecode.c.h; path = SDWebImagePrefetcher.h; sourceTree = "<group>"; };
		4A06494C1D372CAB000D02B4 /* SDWebImagePrefetcher.m */ = {isa = PBXFileReference; fileEncoding = 4; lastKnownFileType = sourcecode.c.objc; path = SDWebImagePrefetcher.m; sourceTree = "<group>"; };
		4A06494D1D372CAB000D02B4 /* UIButton+WebCache.h */ = {isa = PBXFileReference; fileEncoding = 4; lastKnownFileType = sourcecode.c.h; path = "UIButton+WebCache.h"; sourceTree = "<group>"; };
		4A06494E1D372CAB000D02B4 /* UIButton+WebCache.m */ = {isa = PBXFileReference; fileEncoding = 4; lastKnownFileType = sourcecode.c.objc; path = "UIButton+WebCache.m"; sourceTree = "<group>"; };
		4A06494F1D372CAB000D02B4 /* UIImage+GIF.h */ = {isa = PBXFileReference; fileEncoding = 4; lastKnownFileType = sourcecode.c.h; path = "UIImage+GIF.h"; sourceTree = "<group>"; };
		4A0649501D372CAB000D02B4 /* UIImage+GIF.m */ = {isa = PBXFileReference; fileEncoding = 4; lastKnownFileType = sourcecode.c.objc; path = "UIImage+GIF.m"; sourceTree = "<group>"; };
		4A0649511D372CAB000D02B4 /* UIImage+MultiFormat.h */ = {isa = PBXFileReference; fileEncoding = 4; lastKnownFileType = sourcecode.c.h; path = "UIImage+MultiFormat.h"; sourceTree = "<group>"; };
		4A0649521D372CAB000D02B4 /* UIImage+MultiFormat.m */ = {isa = PBXFileReference; fileEncoding = 4; lastKnownFileType = sourcecode.c.objc; path = "UIImage+MultiFormat.m"; sourceTree = "<group>"; };
		4A0649531D372CAB000D02B4 /* UIImage+WebP.h */ = {isa = PBXFileReference; fileEncoding = 4; lastKnownFileType = sourcecode.c.h; path = "UIImage+WebP.h"; sourceTree = "<group>"; };
		4A0649541D372CAB000D02B4 /* UIImage+WebP.m */ = {isa = PBXFileReference; fileEncoding = 4; lastKnownFileType = sourcecode.c.objc; path = "UIImage+WebP.m"; sourceTree = "<group>"; };
		4A0649551D372CAB000D02B4 /* UIImageView+HighlightedWebCache.h */ = {isa = PBXFileReference; fileEncoding = 4; lastKnownFileType = sourcecode.c.h; path = "UIImageView+HighlightedWebCache.h"; sourceTree = "<group>"; };
		4A0649561D372CAB000D02B4 /* UIImageView+HighlightedWebCache.m */ = {isa = PBXFileReference; fileEncoding = 4; lastKnownFileType = sourcecode.c.objc; path = "UIImageView+HighlightedWebCache.m"; sourceTree = "<group>"; };
		4A0649571D372CAB000D02B4 /* UIImageView+WebCache.h */ = {isa = PBXFileReference; fileEncoding = 4; lastKnownFileType = sourcecode.c.h; path = "UIImageView+WebCache.h"; sourceTree = "<group>"; };
		4A0649581D372CAB000D02B4 /* UIImageView+WebCache.m */ = {isa = PBXFileReference; fileEncoding = 4; lastKnownFileType = sourcecode.c.objc; path = "UIImageView+WebCache.m"; sourceTree = "<group>"; };
		4A0649591D372CAB000D02B4 /* UIView+WebCacheOperation.h */ = {isa = PBXFileReference; fileEncoding = 4; lastKnownFileType = sourcecode.c.h; path = "UIView+WebCacheOperation.h"; sourceTree = "<group>"; };
		4A06495A1D372CAB000D02B4 /* UIView+WebCacheOperation.m */ = {isa = PBXFileReference; fileEncoding = 4; lastKnownFileType = sourcecode.c.objc; path = "UIView+WebCacheOperation.m"; sourceTree = "<group>"; };
		4A0649C31D38C6B6000D02B4 /* SWBaseViewController.h */ = {isa = PBXFileReference; fileEncoding = 4; lastKnownFileType = sourcecode.c.h; path = SWBaseViewController.h; sourceTree = "<group>"; };
		4A0649C41D38C6B6000D02B4 /* SWBaseViewController.m */ = {isa = PBXFileReference; fileEncoding = 4; lastKnownFileType = sourcecode.c.objc; path = SWBaseViewController.m; sourceTree = "<group>"; };
		4A0649C61D38DEFB000D02B4 /* demo.js */ = {isa = PBXFileReference; fileEncoding = 4; lastKnownFileType = sourcecode.javascript; path = demo.js; sourceTree = "<group>"; };
/* End PBXFileReference section */

/* Begin PBXFrameworksBuildPhase section */
		4A0648EF1D350286000D02B4 /* Frameworks */ = {
			isa = PBXFrameworksBuildPhase;
			buildActionMask = 2147483647;
			files = (
			);
			runOnlyForDeploymentPostprocessing = 0;
		};
		4A0649081D350287000D02B4 /* Frameworks */ = {
			isa = PBXFrameworksBuildPhase;
			buildActionMask = 2147483647;
			files = (
			);
			runOnlyForDeploymentPostprocessing = 0;
		};
		4A0649131D350287000D02B4 /* Frameworks */ = {
			isa = PBXFrameworksBuildPhase;
			buildActionMask = 2147483647;
			files = (
			);
			runOnlyForDeploymentPostprocessing = 0;
		};
/* End PBXFrameworksBuildPhase section */

/* Begin PBXGroup section */
		4A0648E91D350286000D02B4 = {
			isa = PBXGroup;
			children = (
				4A0648F41D350286000D02B4 /* Bili_TestHtmlJquery */,
				4A06490E1D350287000D02B4 /* Bili_TestHtmlJqueryTests */,
				4A0649191D350287000D02B4 /* Bili_TestHtmlJqueryUITests */,
				4A0648F31D350286000D02B4 /* Products */,
			);
			sourceTree = "<group>";
		};
		4A0648F31D350286000D02B4 /* Products */ = {
			isa = PBXGroup;
			children = (
				4A0648F21D350286000D02B4 /* Bili_TestHtmlJquery.app */,
				4A06490B1D350287000D02B4 /* Bili_TestHtmlJqueryTests.xctest */,
				4A0649161D350287000D02B4 /* Bili_TestHtmlJqueryUITests.xctest */,
			);
			name = Products;
			sourceTree = "<group>";
		};
		4A0648F41D350286000D02B4 /* Bili_TestHtmlJquery */ = {
			isa = PBXGroup;
			children = (
				4A0648F81D350287000D02B4 /* AppDelegate.h */,
				4A0648F91D350287000D02B4 /* AppDelegate.m */,
				4A0649C31D38C6B6000D02B4 /* SWBaseViewController.h */,
				4A0649C41D38C6B6000D02B4 /* SWBaseViewController.m */,
				4A0649C61D38DEFB000D02B4 /* demo.js */,
				4A0649391D372CAB000D02B4 /* SDWebImage */,
				4A0649311D3619FF000D02B4 /* JSPatch */,
				4A0648FE1D350287000D02B4 /* Main.storyboard */,
				4A0649011D350287000D02B4 /* Assets.xcassets */,
				4A0649031D350287000D02B4 /* LaunchScreen.storyboard */,
				4A0649061D350287000D02B4 /* Info.plist */,
				4A0648F51D350286000D02B4 /* Supporting Files */,
			);
			path = Bili_TestHtmlJquery;
			sourceTree = "<group>";
		};
		4A0648F51D350286000D02B4 /* Supporting Files */ = {
			isa = PBXGroup;
			children = (
				4A0648F61D350286000D02B4 /* main.m */,
			);
			name = "Supporting Files";
			sourceTree = "<group>";
		};
		4A06490E1D350287000D02B4 /* Bili_TestHtmlJqueryTests */ = {
			isa = PBXGroup;
			children = (
				4A06490F1D350287000D02B4 /* Bili_TestHtmlJqueryTests.m */,
				4A0649111D350287000D02B4 /* Info.plist */,
			);
			path = Bili_TestHtmlJqueryTests;
			sourceTree = "<group>";
		};
		4A0649191D350287000D02B4 /* Bili_TestHtmlJqueryUITests */ = {
			isa = PBXGroup;
			children = (
				4A06491A1D350287000D02B4 /* Bili_TestHtmlJqueryUITests.m */,
				4A06491C1D350287000D02B4 /* Info.plist */,
			);
			path = Bili_TestHtmlJqueryUITests;
			sourceTree = "<group>";
		};
		4A0649311D3619FF000D02B4 /* JSPatch */ = {
			isa = PBXGroup;
			children = (
				4A0649371D361A43000D02B4 /* demo.js */,
				4A0649321D3619FF000D02B4 /* JPEngine.h */,
				4A0649331D3619FF000D02B4 /* JPEngine.m */,
				4A0649341D3619FF000D02B4 /* JSPatch.js */,
			);
			path = JSPatch;
			sourceTree = "<group>";
		};
		4A0649391D372CAB000D02B4 /* SDWebImage */ = {
			isa = PBXGroup;
			children = (
				4A06493A1D372CAB000D02B4 /* MKAnnotationView+WebCache.h */,
				4A06493B1D372CAB000D02B4 /* MKAnnotationView+WebCache.m */,
				4A06493C1D372CAB000D02B4 /* NSData+ImageContentType.h */,
				4A06493D1D372CAB000D02B4 /* NSData+ImageContentType.m */,
				4A06493E1D372CAB000D02B4 /* SDImageCache.h */,
				4A06493F1D372CAB000D02B4 /* SDImageCache.m */,
				4A0649401D372CAB000D02B4 /* SDWebImageCompat.h */,
				4A0649411D372CAB000D02B4 /* SDWebImageCompat.m */,
				4A0649421D372CAB000D02B4 /* SDWebImageDecoder.h */,
				4A0649431D372CAB000D02B4 /* SDWebImageDecoder.m */,
				4A0649441D372CAB000D02B4 /* SDWebImageDownloader.h */,
				4A0649451D372CAB000D02B4 /* SDWebImageDownloader.m */,
				4A0649461D372CAB000D02B4 /* SDWebImageDownloaderOperation.h */,
				4A0649471D372CAB000D02B4 /* SDWebImageDownloaderOperation.m */,
				4A0649481D372CAB000D02B4 /* SDWebImageManager.h */,
				4A0649491D372CAB000D02B4 /* SDWebImageManager.m */,
				4A06494A1D372CAB000D02B4 /* SDWebImageOperation.h */,
				4A06494B1D372CAB000D02B4 /* SDWebImagePrefetcher.h */,
				4A06494C1D372CAB000D02B4 /* SDWebImagePrefetcher.m */,
				4A06494D1D372CAB000D02B4 /* UIButton+WebCache.h */,
				4A06494E1D372CAB000D02B4 /* UIButton+WebCache.m */,
				4A06494F1D372CAB000D02B4 /* UIImage+GIF.h */,
				4A0649501D372CAB000D02B4 /* UIImage+GIF.m */,
				4A0649511D372CAB000D02B4 /* UIImage+MultiFormat.h */,
				4A0649521D372CAB000D02B4 /* UIImage+MultiFormat.m */,
				4A0649531D372CAB000D02B4 /* UIImage+WebP.h */,
				4A0649541D372CAB000D02B4 /* UIImage+WebP.m */,
				4A0649551D372CAB000D02B4 /* UIImageView+HighlightedWebCache.h */,
				4A0649561D372CAB000D02B4 /* UIImageView+HighlightedWebCache.m */,
				4A0649571D372CAB000D02B4 /* UIImageView+WebCache.h */,
				4A0649581D372CAB000D02B4 /* UIImageView+WebCache.m */,
				4A0649591D372CAB000D02B4 /* UIView+WebCacheOperation.h */,
				4A06495A1D372CAB000D02B4 /* UIView+WebCacheOperation.m */,
			);
			path = SDWebImage;
			sourceTree = "<group>";
		};
/* End PBXGroup section */

/* Begin PBXNativeTarget section */
		4A0648F11D350286000D02B4 /* Bili_TestHtmlJquery */ = {
			isa = PBXNativeTarget;
			buildConfigurationList = 4A06491F1D350287000D02B4 /* Build configuration list for PBXNativeTarget "Bili_TestHtmlJquery" */;
			buildPhases = (
				4A0648EE1D350286000D02B4 /* Sources */,
				4A0648EF1D350286000D02B4 /* Frameworks */,
				4A0648F01D350286000D02B4 /* Resources */,
			);
			buildRules = (
			);
			dependencies = (
			);
			name = Bili_TestHtmlJquery;
			productName = Bili_TestHtmlJquery;
			productReference = 4A0648F21D350286000D02B4 /* Bili_TestHtmlJquery.app */;
			productType = "com.apple.product-type.application";
		};
		4A06490A1D350287000D02B4 /* Bili_TestHtmlJqueryTests */ = {
			isa = PBXNativeTarget;
			buildConfigurationList = 4A0649221D350287000D02B4 /* Build configuration list for PBXNativeTarget "Bili_TestHtmlJqueryTests" */;
			buildPhases = (
				4A0649071D350287000D02B4 /* Sources */,
				4A0649081D350287000D02B4 /* Frameworks */,
				4A0649091D350287000D02B4 /* Resources */,
			);
			buildRules = (
			);
			dependencies = (
				4A06490D1D350287000D02B4 /* PBXTargetDependency */,
			);
			name = Bili_TestHtmlJqueryTests;
			productName = Bili_TestHtmlJqueryTests;
			productReference = 4A06490B1D350287000D02B4 /* Bili_TestHtmlJqueryTests.xctest */;
			productType = "com.apple.product-type.bundle.unit-test";
		};
		4A0649151D350287000D02B4 /* Bili_TestHtmlJqueryUITests */ = {
			isa = PBXNativeTarget;
			buildConfigurationList = 4A0649251D350287000D02B4 /* Build configuration list for PBXNativeTarget "Bili_TestHtmlJqueryUITests" */;
			buildPhases = (
				4A0649121D350287000D02B4 /* Sources */,
				4A0649131D350287000D02B4 /* Frameworks */,
				4A0649141D350287000D02B4 /* Resources */,
			);
			buildRules = (
			);
			dependencies = (
				4A0649181D350287000D02B4 /* PBXTargetDependency */,
			);
			name = Bili_TestHtmlJqueryUITests;
			productName = Bili_TestHtmlJqueryUITests;
			productReference = 4A0649161D350287000D02B4 /* Bili_TestHtmlJqueryUITests.xctest */;
			productType = "com.apple.product-type.bundle.ui-testing";
		};
/* End PBXNativeTarget section */

/* Begin PBXProject section */
		4A0648EA1D350286000D02B4 /* Project object */ = {
			isa = PBXProject;
			attributes = {
				LastUpgradeCheck = 0730;
				ORGANIZATIONNAME = "苏威";
				TargetAttributes = {
					4A0648F11D350286000D02B4 = {
						CreatedOnToolsVersion = 7.3;
					};
					4A06490A1D350287000D02B4 = {
						CreatedOnToolsVersion = 7.3;
						TestTargetID = 4A0648F11D350286000D02B4;
					};
					4A0649151D350287000D02B4 = {
						CreatedOnToolsVersion = 7.3;
						TestTargetID = 4A0648F11D350286000D02B4;
					};
				};
			};
			buildConfigurationList = 4A0648ED1D350286000D02B4 /* Build configuration list for PBXProject "Bili_TestHtmlJquery" */;
			compatibilityVersion = "Xcode 3.2";
			developmentRegion = English;
			hasScannedForEncodings = 0;
			knownRegions = (
				en,
				Base,
			);
			mainGroup = 4A0648E91D350286000D02B4;
			productRefGroup = 4A0648F31D350286000D02B4 /* Products */;
			projectDirPath = "";
			projectRoot = "";
			targets = (
				4A0648F11D350286000D02B4 /* Bili_TestHtmlJquery */,
				4A06490A1D350287000D02B4 /* Bili_TestHtmlJqueryTests */,
				4A0649151D350287000D02B4 /* Bili_TestHtmlJqueryUITests */,
			);
		};
/* End PBXProject section */

/* Begin PBXResourcesBuildPhase section */
		4A0648F01D350286000D02B4 /* Resources */ = {
			isa = PBXResourcesBuildPhase;
			buildActionMask = 2147483647;
			files = (
				4A0649361D3619FF000D02B4 /* JSPatch.js in Resources */,
				4A0649051D350287000D02B4 /* LaunchScreen.storyboard in Resources */,
				4A0649381D361A43000D02B4 /* demo.js in Resources */,
				4A0649C71D38DEFB000D02B4 /* demo.js in Resources */,
				4A0649021D350287000D02B4 /* Assets.xcassets in Resources */,
				4A0649001D350287000D02B4 /* Main.storyboard in Resources */,
			);
			runOnlyForDeploymentPostprocessing = 0;
		};
		4A0649091D350287000D02B4 /* Resources */ = {
			isa = PBXResourcesBuildPhase;
			buildActionMask = 2147483647;
			files = (
			);
			runOnlyForDeploymentPostprocessing = 0;
		};
		4A0649141D350287000D02B4 /* Resources */ = {
			isa = PBXResourcesBuildPhase;
			buildActionMask = 2147483647;
			files = (
			);
			runOnlyForDeploymentPostprocessing = 0;
		};
/* End PBXResourcesBuildPhase section */

/* Begin PBXSourcesBuildPhase section */
		4A0648EE1D350286000D02B4 /* Sources */ = {
			isa = PBXSourcesBuildPhase;
			buildActionMask = 2147483647;
			files = (
				4A0649681D372CAB000D02B4 /* UIImageView+HighlightedWebCache.m in Sources */,
				4A0649661D372CAB000D02B4 /* UIImage+MultiFormat.m in Sources */,
				4A0649611D372CAB000D02B4 /* SDWebImageDownloaderOperation.m in Sources */,
				4A06495E1D372CAB000D02B4 /* SDWebImageCompat.m in Sources */,
				4A0649651D372CAB000D02B4 /* UIImage+GIF.m in Sources */,
				4A0649631D372CAB000D02B4 /* SDWebImagePrefetcher.m in Sources */,
				4A0649351D3619FF000D02B4 /* JPEngine.m in Sources */,
				4A0648FA1D350287000D02B4 /* AppDelegate.m in Sources */,
				4A0649671D372CAB000D02B4 /* UIImage+WebP.m in Sources */,
				4A0649C51D38C6B6000D02B4 /* SWBaseViewController.m in Sources */,
				4A0649691D372CAB000D02B4 /* UIImageView+WebCache.m in Sources */,
				4A0649601D372CAB000D02B4 /* SDWebImageDownloader.m in Sources */,
				4A06496A1D372CAB000D02B4 /* UIView+WebCacheOperation.m in Sources */,
				4A0649641D372CAB000D02B4 /* UIButton+WebCache.m in Sources */,
				4A06495B1D372CAB000D02B4 /* MKAnnotationView+WebCache.m in Sources */,
				4A06495C1D372CAB000D02B4 /* NSData+ImageContentType.m in Sources */,
				4A0648F71D350286000D02B4 /* main.m in Sources */,
				4A0649621D372CAB000D02B4 /* SDWebImageManager.m in Sources */,
				4A06495F1D372CAB000D02B4 /* SDWebImageDecoder.m in Sources */,
				4A06495D1D372CAB000D02B4 /* SDImageCache.m in Sources */,
			);
			runOnlyForDeploymentPostprocessing = 0;
		};
		4A0649071D350287000D02B4 /* Sources */ = {
			isa = PBXSourcesBuildPhase;
			buildActionMask = 2147483647;
			files = (
				4A0649101D350287000D02B4 /* Bili_TestHtmlJqueryTests.m in Sources */,
			);
			runOnlyForDeploymentPostprocessing = 0;
		};
		4A0649121D350287000D02B4 /* Sources */ = {
			isa = PBXSourcesBuildPhase;
			buildActionMask = 2147483647;
			files = (
				4A06491B1D350287000D02B4 /* Bili_TestHtmlJqueryUITests.m in Sources */,
			);
			runOnlyForDeploymentPostprocessing = 0;
		};
/* End PBXSourcesBuildPhase section */

/* Begin PBXTargetDependency section */
		4A06490D1D350287000D02B4 /* PBXTargetDependency */ = {
			isa = PBXTargetDependency;
			target = 4A0648F11D350286000D02B4 /* Bili_TestHtmlJquery */;
			targetProxy = 4A06490C1D350287000D02B4 /* PBXContainerItemProxy */;
		};
		4A0649181D350287000D02B4 /* PBXTargetDependency */ = {
			isa = PBXTargetDependency;
			target = 4A0648F11D350286000D02B4 /* Bili_TestHtmlJquery */;
			targetProxy = 4A0649171D350287000D02B4 /* PBXContainerItemProxy */;
		};
/* End PBXTargetDependency section */

/* Begin PBXVariantGroup section */
		4A0648FE1D350287000D02B4 /* Main.storyboard */ = {
			isa = PBXVariantGroup;
			children = (
				4A0648FF1D350287000D02B4 /* Base */,
			);
			name = Main.storyboard;
			sourceTree = "<group>";
		};
		4A0649031D350287000D02B4 /* LaunchScreen.storyboard */ = {
			isa = PBXVariantGroup;
			children = (
				4A0649041D350287000D02B4 /* Base */,
			);
			name = LaunchScreen.storyboard;
			sourceTree = "<group>";
		};
/* End PBXVariantGroup section */

/* Begin XCBuildConfiguration section */
		4A06491D1D350287000D02B4 /* Debug */ = {
			isa = XCBuildConfiguration;
			buildSettings = {
				ALWAYS_SEARCH_USER_PATHS = NO;
				CLANG_ANALYZER_NONNULL = YES;
				CLANG_CXX_LANGUAGE_STANDARD = "gnu++0x";
				CLANG_CXX_LIBRARY = "libc++";
				CLANG_ENABLE_MODULES = YES;
				CLANG_ENABLE_OBJC_ARC = YES;
				CLANG_WARN_BOOL_CONVERSION = YES;
				CLANG_WARN_CONSTANT_CONVERSION = YES;
				CLANG_WARN_DIRECT_OBJC_ISA_USAGE = YES_ERROR;
				CLANG_WARN_EMPTY_BODY = YES;
				CLANG_WARN_ENUM_CONVERSION = YES;
				CLANG_WARN_INT_CONVERSION = YES;
				CLANG_WARN_OBJC_ROOT_CLASS = YES_ERROR;
				CLANG_WARN_UNREACHABLE_CODE = YES;
				CLANG_WARN__DUPLICATE_METHOD_MATCH = YES;
				"CODE_SIGN_IDENTITY[sdk=iphoneos*]" = "iPhone Developer";
				COPY_PHASE_STRIP = NO;
				DEBUG_INFORMATION_FORMAT = dwarf;
				ENABLE_STRICT_OBJC_MSGSEND = YES;
				ENABLE_TESTABILITY = YES;
				GCC_C_LANGUAGE_STANDARD = gnu99;
				GCC_DYNAMIC_NO_PIC = NO;
				GCC_NO_COMMON_BLOCKS = YES;
				GCC_OPTIMIZATION_LEVEL = 0;
				GCC_PREPROCESSOR_DEFINITIONS = (
					"DEBUG=1",
					"$(inherited)",
				);
				GCC_WARN_64_TO_32_BIT_CONVERSION = YES;
				GCC_WARN_ABOUT_RETURN_TYPE = YES_ERROR;
				GCC_WARN_UNDECLARED_SELECTOR = YES;
				GCC_WARN_UNINITIALIZED_AUTOS = YES_AGGRESSIVE;
				GCC_WARN_UNUSED_FUNCTION = YES;
				GCC_WARN_UNUSED_VARIABLE = YES;
				IPHONEOS_DEPLOYMENT_TARGET = 9.3;
				MTL_ENABLE_DEBUG_INFO = YES;
				ONLY_ACTIVE_ARCH = YES;
				SDKROOT = iphoneos;
				TARGETED_DEVICE_FAMILY = "1,2";
			};
			name = Debug;
		};
		4A06491E1D350287000D02B4 /* Release */ = {
			isa = XCBuildConfiguration;
			buildSettings = {
				ALWAYS_SEARCH_USER_PATHS = NO;
				CLANG_ANALYZER_NONNULL = YES;
				CLANG_CXX_LANGUAGE_STANDARD = "gnu++0x";
				CLANG_CXX_LIBRARY = "libc++";
				CLANG_ENABLE_MODULES = YES;
				CLANG_ENABLE_OBJC_ARC = YES;
				CLANG_WARN_BOOL_CONVERSION = YES;
				CLANG_WARN_CONSTANT_CONVERSION = YES;
				CLANG_WARN_DIRECT_OBJC_ISA_USAGE = YES_ERROR;
				CLANG_WARN_EMPTY_BODY = YES;
				CLANG_WARN_ENUM_CONVERSION = YES;
				CLANG_WARN_INT_CONVERSION = YES;
				CLANG_WARN_OBJC_ROOT_CLASS = YES_ERROR;
				CLANG_WARN_UNREACHABLE_CODE = YES;
				CLANG_WARN__DUPLICATE_METHOD_MATCH = YES;
				"CODE_SIGN_IDENTITY[sdk=iphoneos*]" = "iPhone Developer";
				COPY_PHASE_STRIP = NO;
				DEBUG_INFORMATION_FORMAT = "dwarf-with-dsym";
				ENABLE_NS_ASSERTIONS = NO;
				ENABLE_STRICT_OBJC_MSGSEND = YES;
				GCC_C_LANGUAGE_STANDARD = gnu99;
				GCC_NO_COMMON_BLOCKS = YES;
				GCC_WARN_64_TO_32_BIT_CONVERSION = YES;
				GCC_WARN_ABOUT_RETURN_TYPE = YES_ERROR;
				GCC_WARN_UNDECLARED_SELECTOR = YES;
				GCC_WARN_UNINITIALIZED_AUTOS = YES_AGGRESSIVE;
				GCC_WARN_UNUSED_FUNCTION = YES;
				GCC_WARN_UNUSED_VARIABLE = YES;
				IPHONEOS_DEPLOYMENT_TARGET = 9.3;
				MTL_ENABLE_DEBUG_INFO = NO;
				SDKROOT = iphoneos;
				TARGETED_DEVICE_FAMILY = "1,2";
				VALIDATE_PRODUCT = YES;
			};
			name = Release;
		};
		4A0649201D350287000D02B4 /* Debug */ = {
			isa = XCBuildConfiguration;
			buildSettings = {
				ASSETCATALOG_COMPILER_APPICON_NAME = AppIcon;
				INFOPLIST_FILE = Bili_TestHtmlJquery/Info.plist;
				LD_RUNPATH_SEARCH_PATHS = "$(inherited) @executable_path/Frameworks";
				PRODUCT_BUNDLE_IDENTIFIER = "com.bilibili.www.Bili-TestHtmlJquery";
				PRODUCT_NAME = "$(TARGET_NAME)";
			};
			name = Debug;
		};
		4A0649211D350287000D02B4 /* Release */ = {
			isa = XCBuildConfiguration;
			buildSettings = {
				ASSETCATALOG_COMPILER_APPICON_NAME = AppIcon;
				INFOPLIST_FILE = Bili_TestHtmlJquery/Info.plist;
				LD_RUNPATH_SEARCH_PATHS = "$(inherited) @executable_path/Frameworks";
				PRODUCT_BUNDLE_IDENTIFIER = "com.bilibili.www.Bili-TestHtmlJquery";
				PRODUCT_NAME = "$(TARGET_NAME)";
			};
			name = Release;
		};
		4A0649231D350287000D02B4 /* Debug */ = {
			isa = XCBuildConfiguration;
			buildSettings = {
				BUNDLE_LOADER = "$(TEST_HOST)";
				INFOPLIST_FILE = Bili_TestHtmlJqueryTests/Info.plist;
				LD_RUNPATH_SEARCH_PATHS = "$(inherited) @executable_path/Frameworks @loader_path/Frameworks";
				PRODUCT_BUNDLE_IDENTIFIER = "com.bilibili.www.Bili-TestHtmlJqueryTests";
				PRODUCT_NAME = "$(TARGET_NAME)";
				TEST_HOST = "$(BUILT_PRODUCTS_DIR)/Bili_TestHtmlJquery.app/Bili_TestHtmlJquery";
			};
			name = Debug;
		};
		4A0649241D350287000D02B4 /* Release */ = {
			isa = XCBuildConfiguration;
			buildSettings = {
				BUNDLE_LOADER = "$(TEST_HOST)";
				INFOPLIST_FILE = Bili_TestHtmlJqueryTests/Info.plist;
				LD_RUNPATH_SEARCH_PATHS = "$(inherited) @executable_path/Frameworks @loader_path/Frameworks";
				PRODUCT_BUNDLE_IDENTIFIER = "com.bilibili.www.Bili-TestHtmlJqueryTests";
				PRODUCT_NAME = "$(TARGET_NAME)";
				TEST_HOST = "$(BUILT_PRODUCTS_DIR)/Bili_TestHtmlJquery.app/Bili_TestHtmlJquery";
			};
			name = Release;
		};
		4A0649261D350287000D02B4 /* Debug */ = {
			isa = XCBuildConfiguration;
			buildSettings = {
				INFOPLIST_FILE = Bili_TestHtmlJqueryUITests/Info.plist;
				LD_RUNPATH_SEARCH_PATHS = "$(inherited) @executable_path/Frameworks @loader_path/Frameworks";
				PRODUCT_BUNDLE_IDENTIFIER = "com.bilibili.www.Bili-TestHtmlJqueryUITests";
				PRODUCT_NAME = "$(TARGET_NAME)";
				TEST_TARGET_NAME = Bili_TestHtmlJquery;
			};
			name = Debug;
		};
		4A0649271D350287000D02B4 /* Release */ = {
			isa = XCBuildConfiguration;
			buildSettings = {
				INFOPLIST_FILE = Bili_TestHtmlJqueryUITests/Info.plist;
				LD_RUNPATH_SEARCH_PATHS = "$(inherited) @executable_path/Frameworks @loader_path/Frameworks";
				PRODUCT_BUNDLE_IDENTIFIER = "com.bilibili.www.Bili-TestHtmlJqueryUITests";
				PRODUCT_NAME = "$(TARGET_NAME)";
				TEST_TARGET_NAME = Bili_TestHtmlJquery;
			};
			name = Release;
		};
/* End XCBuildConfiguration section */

/* Begin XCConfigurationList section */
		4A0648ED1D350286000D02B4 /* Build configuration list for PBXProject "Bili_TestHtmlJquery" */ = {
			isa = XCConfigurationList;
			buildConfigurations = (
				4A06491D1D350287000D02B4 /* Debug */,
				4A06491E1D350287000D02B4 /* Release */,
			);
			defaultConfigurationIsVisible = 0;
			defaultConfigurationName = Release;
		};
		4A06491F1D350287000D02B4 /* Build configuration list for PBXNativeTarget "Bili_TestHtmlJquery" */ = {
			isa = XCConfigurationList;
			buildConfigurations = (
				4A0649201D350287000D02B4 /* Debug */,
				4A0649211D350287000D02B4 /* Release */,
			);
			defaultConfigurationIsVisible = 0;
			defaultConfigurationName = Release;
		};
		4A0649221D350287000D02B4 /* Build configuration list for PBXNativeTarget "Bili_TestHtmlJqueryTests" */ = {
			isa = XCConfigurationList;
			buildConfigurations = (
				4A0649231D350287000D02B4 /* Debug */,
				4A0649241D350287000D02B4 /* Release */,
			);
			defaultConfigurationIsVisible = 0;
			defaultConfigurationName = Release;
		};
		4A0649251D350287000D02B4 /* Build configuration list for PBXNativeTarget "Bili_TestHtmlJqueryUITests" */ = {
			isa = XCConfigurationList;
			buildConfigurations = (
				4A0649261D350287000D02B4 /* Debug */,
				4A0649271D350287000D02B4 /* Release */,
			);
			defaultConfigurationIsVisible = 0;
			defaultConfigurationName = Release;
		};
/* End XCConfigurationList section */
	};
	rootObject = 4A0648EA1D350286000D02B4 /* Project object */;
}
